
Microsoft Visual Studio Solution File, Format Version 12.00
# Visual Studio Version 17
VisualStudioVersion = 17.10.35122.118
MinimumVisualStudioVersion = 10.0.40219.1
Project("{FAE04EC0-301F-11D3-BF4B-00C04F79EFBC}") = "API", "API\API.csproj", "{80F37704-9F07-48A8-9FD8-2250756F4DDD}"
EndProject
Project("{FAE04EC0-301F-11D3-BF4B-00C04F79EFBC}") = "Core", "Core\Core.csproj", "{2B43FB41-503D-42CF-9444-1E344183249E}"
EndProject
Project("{FAE04EC0-301F-11D3-BF4B-00C04F79EFBC}") = "Infrastructure", "Infrastructure\Infrastructure.csproj", "{42932B52-DBD6-48EC-95FA-2B0C473D35A3}"
EndProject
Global
	GlobalSection(SolutionConfigurationPlatforms) = preSolution
		Debug|Any CPU = Debug|Any CPU
		Release|Any CPU = Release|Any CPU
	EndGlobalSection
	GlobalSection(ProjectConfigurationPlatforms) = postSolution
		{80F37704-9F07-48A8-9FD8-2250756F4DDD}.Debug|Any CPU.ActiveCfg = Debug|Any CPU
		{80F37704-9F07-48A8-9FD8-2250756F4DDD}.Debug|Any CPU.Build.0 = Debug|Any CPU
		{80F37704-9F07-48A8-9FD8-2250756F4DDD}.Release|Any CPU.ActiveCfg = Release|Any CPU
		{80F37704-9F07-48A8-9FD8-2250756F4DDD}.Release|Any CPU.Build.0 = Release|Any CPU
		{2B43FB41-503D-42CF-9444-1E344183249E}.Debug|Any CPU.ActiveCfg = Debug|Any CPU
		{2B43FB41-503D-42CF-9444-1E344183249E}.Debug|Any CPU.Build.0 = Debug|Any CPU
		{2B43FB41-503D-42CF-9444-1E344183249E}.Release|Any CPU.ActiveCfg = Release|Any CPU
		{2B43FB41-503D-42CF-9444-1E344183249E}.Release|Any CPU.Build.0 = Release|Any CPU
		{42932B52-DBD6-48EC-95FA-2B0C473D35A3}.Debug|Any CPU.ActiveCfg = Debug|Any CPU
		{42932B52-DBD6-48EC-95FA-2B0C473D35A3}.Debug|Any CPU.Build.0 = Debug|Any CPU
		{42932B52-DBD6-48EC-95FA-2B0C473D35A3}.Release|Any CPU.ActiveCfg = Release|Any CPU
		{42932B52-DBD6-48EC-95FA-2B0C473D35A3}.Release|Any CPU.Build.0 = Release|Any CPU
	EndGlobalSection
	GlobalSection(SolutionProperties) = preSolution
		HideSolutionNode = FALSE
	EndGlobalSection
	GlobalSection(ExtensibilityGlobals) = postSolution
		SolutionGuid = {501B1E9F-0559-4156-BDA8-9771B846B11D}
	EndGlobalSection
EndGlobal
